
Microsoft Visual Studio Solution File, Format Version 12.00
# Visual Studio 15
VisualStudioVersion = 15.0.28307.106
MinimumVisualStudioVersion = 10.0.40219.1
Project("{9A19103F-16F7-4668-BE54-9A1E7A4F7556}") = "FoxDb.Core", "FoxDb.Core\FoxDb.Core.csproj", "{9CDD4861-9938-41C1-88FE-9E4054BF164A}"
EndProject
Project("{9A19103F-16F7-4668-BE54-9A1E7A4F7556}") = "FoxDb.Tests", "FoxDb.Tests\FoxDb.Tests.csproj", "{25387DD1-B611-4572-90F2-799A01081D4B}"
EndProject
Project("{9A19103F-16F7-4668-BE54-9A1E7A4F7556}") = "FoxDb.SQLite", "FoxDb.SQLite\FoxDb.SQLite.csproj", "{516E910D-80C2-4BFE-9591-491BDF5FE98F}"
EndProject
Project("{9A19103F-16F7-4668-BE54-9A1E7A4F7556}") = "FoxDb.Linq", "FoxDb.Linq\FoxDb.Linq.csproj", "{41B65697-ED2E-444B-B93A-4A9757827207}"
EndProject
Project("{9A19103F-16F7-4668-BE54-9A1E7A4F7556}") = "FoxDb.Sql", "FoxDb.Sql\FoxDb.Sql.csproj", "{9C50F9DD-4A7F-449A-AA52-2E734456B977}"
EndProject
Project("{9A19103F-16F7-4668-BE54-9A1E7A4F7556}") = "FoxDb.SqlCe", "FoxDb.SqlCe\FoxDb.SqlCe.csproj", "{31C9764D-B1A2-4646-A1C4-A7AB3F15D19D}"
EndProject
Project("{2150E333-8FDC-42A3-9474-1A3956D46DE8}") = "Solution Items", "Solution Items", "{04AE4524-32BC-4417-ADE4-8EA55B9CFA40}"
	ProjectSection(SolutionItems) = preProject
		Performance1.psess = Performance1.psess
	EndProjectSection
EndProject
Project("{9A19103F-16F7-4668-BE54-9A1E7A4F7556}") = "FoxDb.SqlServer", "FoxDb.SqlServer\FoxDb.SqlServer.csproj", "{A1DD7844-218C-4D5A-A2F9-ED69EADBA386}"
EndProject
Project("{9A19103F-16F7-4668-BE54-9A1E7A4F7556}") = "FoxDb.SqlServer.2012", "FoxDb.SqlServer.2012\FoxDb.SqlServer.2012.csproj", "{BA223DD8-B384-4F7D-AFD6-9E7EB0D1EC4A}"
EndProject
Global
	GlobalSection(SolutionConfigurationPlatforms) = preSolution
		Debug|Any CPU = Debug|Any CPU
		Debug|Mixed Platforms = Debug|Mixed Platforms
		Release|Any CPU = Release|Any CPU
		Release|Mixed Platforms = Release|Mixed Platforms
	EndGlobalSection
	GlobalSection(ProjectConfigurationPlatforms) = postSolution
		{9CDD4861-9938-41C1-88FE-9E4054BF164A}.Debug|Any CPU.ActiveCfg = Debug|Any CPU
		{9CDD4861-9938-41C1-88FE-9E4054BF164A}.Debug|Any CPU.Build.0 = Debug|Any CPU
		{9CDD4861-9938-41C1-88FE-9E4054BF164A}.Debug|Mixed Platforms.ActiveCfg = Debug|Any CPU
		{9CDD4861-9938-41C1-88FE-9E4054BF164A}.Debug|Mixed Platforms.Build.0 = Debug|Any CPU
		{9CDD4861-9938-41C1-88FE-9E4054BF164A}.Release|Any CPU.ActiveCfg = Release|Any CPU
		{9CDD4861-9938-41C1-88FE-9E4054BF164A}.Release|Any CPU.Build.0 = Release|Any CPU
		{9CDD4861-9938-41C1-88FE-9E4054BF164A}.Release|Mixed Platforms.ActiveCfg = Release|Any CPU
		{9CDD4861-9938-41C1-88FE-9E4054BF164A}.Release|Mixed Platforms.Build.0 = Release|Any CPU
		{25387DD1-B611-4572-90F2-799A01081D4B}.Debug|Any CPU.ActiveCfg = Debug|Any CPU
		{25387DD1-B611-4572-90F2-799A01081D4B}.Debug|Any CPU.Build.0 = Debug|Any CPU
		{25387DD1-B611-4572-90F2-799A01081D4B}.Debug|Mixed Platforms.ActiveCfg = Debug|Any CPU
		{25387DD1-B611-4572-90F2-799A01081D4B}.Debug|Mixed Platforms.Build.0 = Debug|Any CPU
		{25387DD1-B611-4572-90F2-799A01081D4B}.Release|Any CPU.ActiveCfg = Release|Any CPU
		{25387DD1-B611-4572-90F2-799A01081D4B}.Release|Any CPU.Build.0 = Release|Any CPU
		{25387DD1-B611-4572-90F2-799A01081D4B}.Release|Mixed Platforms.ActiveCfg = Release|Any CPU
		{25387DD1-B611-4572-90F2-799A01081D4B}.Release|Mixed Platforms.Build.0 = Release|Any CPU
		{516E910D-80C2-4BFE-9591-491BDF5FE98F}.Debug|Any CPU.ActiveCfg = Debug|Any CPU
		{516E910D-80C2-4BFE-9591-491BDF5FE98F}.Debug|Any CPU.Build.0 = Debug|Any CPU
		{516E910D-80C2-4BFE-9591-491BDF5FE98F}.Debug|Mixed Platforms.ActiveCfg = Debug|Any CPU
		{516E910D-80C2-4BFE-9591-491BDF5FE98F}.Debug|Mixed Platforms.Build.0 = Debug|Any CPU
		{516E910D-80C2-4BFE-9591-491BDF5FE98F}.Release|Any CPU.ActiveCfg = Release|Any CPU
		{516E910D-80C2-4BFE-9591-491BDF5FE98F}.Release|Any CPU.Build.0 = Release|Any CPU
		{516E910D-80C2-4BFE-9591-491BDF5FE98F}.Release|Mixed Platforms.ActiveCfg = Release|Any CPU
		{516E910D-80C2-4BFE-9591-491BDF5FE98F}.Release|Mixed Platforms.Build.0 = Release|Any CPU
		{41B65697-ED2E-444B-B93A-4A9757827207}.Debug|Any CPU.ActiveCfg = Debug|Any CPU
		{41B65697-ED2E-444B-B93A-4A9757827207}.Debug|Any CPU.Build.0 = Debug|Any CPU
		{41B65697-ED2E-444B-B93A-4A9757827207}.Debug|Mixed Platforms.ActiveCfg = Debug|Any CPU
		{41B65697-ED2E-444B-B93A-4A9757827207}.Debug|Mixed Platforms.Build.0 = Debug|Any CPU
		{41B65697-ED2E-444B-B93A-4A9757827207}.Release|Any CPU.ActiveCfg = Release|Any CPU
		{41B65697-ED2E-444B-B93A-4A9757827207}.Release|Any CPU.Build.0 = Release|Any CPU
		{41B65697-ED2E-444B-B93A-4A9757827207}.Release|Mixed Platforms.ActiveCfg = Release|Any CPU
		{41B65697-ED2E-444B-B93A-4A9757827207}.Release|Mixed Platforms.Build.0 = Release|Any CPU
		{9C50F9DD-4A7F-449A-AA52-2E734456B977}.Debug|Any CPU.ActiveCfg = Debug|Any CPU
		{9C50F9DD-4A7F-449A-AA52-2E734456B977}.Debug|Any CPU.Build.0 = Debug|Any CPU
		{9C50F9DD-4A7F-449A-AA52-2E734456B977}.Debug|Mixed Platforms.ActiveCfg = Debug|Any CPU
		{9C50F9DD-4A7F-449A-AA52-2E734456B977}.Debug|Mixed Platforms.Build.0 = Debug|Any CPU
		{9C50F9DD-4A7F-449A-AA52-2E734456B977}.Release|Any CPU.ActiveCfg = Release|Any CPU
		{9C50F9DD-4A7F-449A-AA52-2E734456B977}.Release|Any CPU.Build.0 = Release|Any CPU
		{9C50F9DD-4A7F-449A-AA52-2E734456B977}.Release|Mixed Platforms.ActiveCfg = Release|Any CPU
		{9C50F9DD-4A7F-449A-AA52-2E734456B977}.Release|Mixed Platforms.Build.0 = Release|Any CPU
		{31C9764D-B1A2-4646-A1C4-A7AB3F15D19D}.Debug|Any CPU.ActiveCfg = Debug|Any CPU
		{31C9764D-B1A2-4646-A1C4-A7AB3F15D19D}.Debug|Any CPU.Build.0 = Debug|Any CPU
		{31C9764D-B1A2-4646-A1C4-A7AB3F15D19D}.Debug|Mixed Platforms.ActiveCfg = Debug|Any CPU
		{31C9764D-B1A2-4646-A1C4-A7AB3F15D19D}.Debug|Mixed Platforms.Build.0 = Debug|Any CPU
		{31C9764D-B1A2-4646-A1C4-A7AB3F15D19D}.Release|Any CPU.ActiveCfg = Release|Any CPU
		{31C9764D-B1A2-4646-A1C4-A7AB3F15D19D}.Release|Any CPU.Build.0 = Release|Any CPU
		{31C9764D-B1A2-4646-A1C4-A7AB3F15D19D}.Release|Mixed Platforms.ActiveCfg = Release|Any CPU
		{31C9764D-B1A2-4646-A1C4-A7AB3F15D19D}.Release|Mixed Platforms.Build.0 = Release|Any CPU
		{A1DD7844-218C-4D5A-A2F9-ED69EADBA386}.Debug|Any CPU.ActiveCfg = Debug|Any CPU
		{A1DD7844-218C-4D5A-A2F9-ED69EADBA386}.Debug|Any CPU.Build.0 = Debug|Any CPU
		{A1DD7844-218C-4D5A-A2F9-ED69EADBA386}.Debug|Mixed Platforms.ActiveCfg = Debug|Any CPU
		{A1DD7844-218C-4D5A-A2F9-ED69EADBA386}.Debug|Mixed Platforms.Build.0 = Debug|Any CPU
		{A1DD7844-218C-4D5A-A2F9-ED69EADBA386}.Release|Any CPU.ActiveCfg = Release|Any CPU
		{A1DD7844-218C-4D5A-A2F9-ED69EADBA386}.Release|Any CPU.Build.0 = Release|Any CPU
		{A1DD7844-218C-4D5A-A2F9-ED69EADBA386}.Release|Mixed Platforms.ActiveCfg = Release|Any CPU
		{A1DD7844-218C-4D5A-A2F9-ED69EADBA386}.Release|Mixed Platforms.Build.0 = Release|Any CPU
		{BA223DD8-B384-4F7D-AFD6-9E7EB0D1EC4A}.Debug|Any CPU.ActiveCfg = Debug|Any CPU
		{BA223DD8-B384-4F7D-AFD6-9E7EB0D1EC4A}.Debug|Any CPU.Build.0 = Debug|Any CPU
		{BA223DD8-B384-4F7D-AFD6-9E7EB0D1EC4A}.Debug|Mixed Platforms.ActiveCfg = Debug|Any CPU
		{BA223DD8-B384-4F7D-AFD6-9E7EB0D1EC4A}.Debug|Mixed Platforms.Build.0 = Debug|Any CPU
		{BA223DD8-B384-4F7D-AFD6-9E7EB0D1EC4A}.Release|Any CPU.ActiveCfg = Release|Any CPU
		{BA223DD8-B384-4F7D-AFD6-9E7EB0D1EC4A}.Release|Any CPU.Build.0 = Release|Any CPU
		{BA223DD8-B384-4F7D-AFD6-9E7EB0D1EC4A}.Release|Mixed Platforms.ActiveCfg = Release|Any CPU
		{BA223DD8-B384-4F7D-AFD6-9E7EB0D1EC4A}.Release|Mixed Platforms.Build.0 = Release|Any CPU
	EndGlobalSection
	GlobalSection(SolutionProperties) = preSolution
		HideSolutionNode = FALSE
	EndGlobalSection
	GlobalSection(ExtensibilityGlobals) = postSolution
		SolutionGuid = {D1068173-2CF2-4C0C-9BC2-0E0259F43225}
	EndGlobalSection
	GlobalSection(Performance) = preSolution
		HasPerformanceSessions = true
	EndGlobalSection
EndGlobal
